// !$*UTF8*$!
{
	archiveVersion = 1;
	classes = {
	};
	objectVersion = 46;
	objects = {

/* Begin PBXBuildFile section */
		3689A9E71B6999D700D1A5FD /* hamburger.png in Resources */ = {isa = PBXBuildFile; fileRef = 3689A9E51B6999D700D1A5FD /* hamburger.png */; };
		3689A9E81B6999D700D1A5FD /* hamburger@2x.png in Resources */ = {isa = PBXBuildFile; fileRef = 3689A9E61B6999D700D1A5FD /* hamburger@2x.png */; };
		36CA59051B691C810026C2AA /* AppDelegate.swift in Sources */ = {isa = PBXBuildFile; fileRef = 36CA59041B691C810026C2AA /* AppDelegate.swift */; };
		36CA59081B691C810026C2AA /* TestAMSlideMenu.xcdatamodeld in Sources */ = {isa = PBXBuildFile; fileRef = 36CA59061B691C810026C2AA /* TestAMSlideMenu.xcdatamodeld */; };
		36CA590A1B691C810026C2AA /* MainViewController.swift in Sources */ = {isa = PBXBuildFile; fileRef = 36CA59091B691C810026C2AA /* MainViewController.swift */; };
		36CA590D1B691C810026C2AA /* Main.storyboard in Resources */ = {isa = PBXBuildFile; fileRef = 36CA590B1B691C810026C2AA /* Main.storyboard */; };
		36CA590F1B691C810026C2AA /* Images.xcassets in Resources */ = {isa = PBXBuildFile; fileRef = 36CA590E1B691C810026C2AA /* Images.xcassets */; };
		36CA59121B691C810026C2AA /* LaunchScreen.xib in Resources */ = {isa = PBXBuildFile; fileRef = 36CA59101B691C810026C2AA /* LaunchScreen.xib */; };
		36CA591E1B691C810026C2AA /* TestAMSlideMenuTests.swift in Sources */ = {isa = PBXBuildFile; fileRef = 36CA591D1B691C810026C2AA /* TestAMSlideMenuTests.swift */; };
		832FF48C1A480AD83788591A /* Pods_TestAMSlideMenu.framework in Frameworks */ = {isa = PBXBuildFile; fileRef = 35A525C55E73D92F02DE39EE /* Pods_TestAMSlideMenu.framework */; settings = {ATTRIBUTES = (Weak, ); }; };
/* End PBXBuildFile section */

/* Begin PBXContainerItemProxy section */
		36CA59181B691C810026C2AA /* PBXContainerItemProxy */ = {
			isa = PBXContainerItemProxy;
			containerPortal = 36CA58F71B691C810026C2AA /* Project object */;
			proxyType = 1;
			remoteGlobalIDString = 36CA58FE1B691C810026C2AA;
			remoteInfo = TestAMSlideMenu;
		};
/* End PBXContainerItemProxy section */

/* Begin PBXFileReference section */
		202E266C3F0D87AD0B7BC1A7 /* Pods-TestAMSlideMenu.release.xcconfig */ = {isa = PBXFileReference; includeInIndex = 1; lastKnownFileType = text.xcconfig; name = "Pods-TestAMSlideMenu.release.xcconfig"; path = "Pods/Target Support Files/Pods-TestAMSlideMenu/Pods-TestAMSlideMenu.release.xcconfig"; sourceTree = "<group>"; };
		35A525C55E73D92F02DE39EE /* Pods_TestAMSlideMenu.framework */ = {isa = PBXFileReference; explicitFileType = wrapper.framework; includeInIndex = 0; path = Pods_TestAMSlideMenu.framework; sourceTree = BUILT_PRODUCTS_DIR; };
		3689A9E51B6999D700D1A5FD /* hamburger.png */ = {isa = PBXFileReference; lastKnownFileType = image.png; path = hamburger.png; sourceTree = "<group>"; };
		3689A9E61B6999D700D1A5FD /* hamburger@2x.png */ = {isa = PBXFileReference; lastKnownFileType = image.png; path = "hamburger@2x.png"; sourceTree = "<group>"; };
		36CA58FF1B691C810026C2AA /* TestAMSlideMenu.app */ = {isa = PBXFileReference; explicitFileType = wrapper.application; includeInIndex = 0; path = TestAMSlideMenu.app; sourceTree = BUILT_PRODUCTS_DIR; };
		36CA59031B691C810026C2AA /* Info.plist */ = {isa = PBXFileReference; lastKnownFileType = text.plist.xml; path = Info.plist; sourceTree = "<group>"; };
		36CA59041B691C810026C2AA /* AppDelegate.swift */ = {isa = PBXFileReference; lastKnownFileType = sourcecode.swift; path = AppDelegate.swift; sourceTree = "<group>"; };
		36CA59071B691C810026C2AA /* TestAMSlideMenu.xcdatamodel */ = {isa = PBXFileReference; lastKnownFileType = wrapper.xcdatamodel; path = TestAMSlideMenu.xcdatamodel; sourceTree = "<group>"; };
		36CA59091B691C810026C2AA /* MainViewController.swift */ = {isa = PBXFileReference; lastKnownFileType = sourcecode.swift; path = MainViewController.swift; sourceTree = "<group>"; };
		36CA590C1B691C810026C2AA /* Base */ = {isa = PBXFileReference; lastKnownFileType = file.storyboard; name = Base; path = Base.lproj/Main.storyboard; sourceTree = "<group>"; };
		36CA590E1B691C810026C2AA /* Images.xcassets */ = {isa = PBXFileReference; lastKnownFileType = folder.assetcatalog; path = Images.xcassets; sourceTree = "<group>"; };
		36CA59111B691C810026C2AA /* Base */ = {isa = PBXFileReference; lastKnownFileType = file.xib; name = Base; path = Base.lproj/LaunchScreen.xib; sourceTree = "<group>"; };
		36CA59171B691C810026C2AA /* TestAMSlideMenuTests.xctest */ = {isa = PBXFileReference; explicitFileType = wrapper.cfbundle; includeInIndex = 0; path = TestAMSlideMenuTests.xctest; sourceTree = BUILT_PRODUCTS_DIR; };
		36CA591C1B691C810026C2AA /* Info.plist */ = {isa = PBXFileReference; lastKnownFileType = text.plist.xml; path = Info.plist; sourceTree = "<group>"; };
		36CA591D1B691C810026C2AA /* TestAMSlideMenuTests.swift */ = {isa = PBXFileReference; lastKnownFileType = sourcecode.swift; path = TestAMSlideMenuTests.swift; sourceTree = "<group>"; };
		4C85C8414CD94424B3257FCC /* Pods-TestAMSlideMenu.debug.xcconfig */ = {isa = PBXFileReference; includeInIndex = 1; lastKnownFileType = text.xcconfig; name = "Pods-TestAMSlideMenu.debug.xcconfig"; path = "Pods/Target Support Files/Pods-TestAMSlideMenu/Pods-TestAMSlideMenu.debug.xcconfig"; sourceTree = "<group>"; };
/* End PBXFileReference section */

/* Begin PBXFrameworksBuildPhase section */
		36CA58FC1B691C810026C2AA /* Frameworks */ = {
			isa = PBXFrameworksBuildPhase;
			buildActionMask = 2147483647;
			files = (
				832FF48C1A480AD83788591A /* Pods_TestAMSlideMenu.framework in Frameworks */,
			);
			runOnlyForDeploymentPostprocessing = 0;
		};
		36CA59141B691C810026C2AA /* Frameworks */ = {
			isa = PBXFrameworksBuildPhase;
			buildActionMask = 2147483647;
			files = (
			);
			runOnlyForDeploymentPostprocessing = 0;
		};
/* End PBXFrameworksBuildPhase section */

/* Begin PBXGroup section */
		36CA58F61B691C810026C2AA = {
			isa = PBXGroup;
			children = (
				36CA59011B691C810026C2AA /* TestAMSlideMenu */,
				36CA591A1B691C810026C2AA /* TestAMSlideMenuTests */,
				36CA59001B691C810026C2AA /* Products */,
				B2A11F1233DB2C5F71CF43DA /* Pods */,
				BEA49915817C4C67736B4461 /* Frameworks */,
			);
			sourceTree = "<group>";
		};
		36CA59001B691C810026C2AA /* Products */ = {
			isa = PBXGroup;
			children = (
				36CA58FF1B691C810026C2AA /* TestAMSlideMenu.app */,
				36CA59171B691C810026C2AA /* TestAMSlideMenuTests.xctest */,
			);
			name = Products;
			sourceTree = "<group>";
		};
		36CA59011B691C810026C2AA /* TestAMSlideMenu */ = {
			isa = PBXGroup;
			children = (
				36CA59041B691C810026C2AA /* AppDelegate.swift */,
				36CA59091B691C810026C2AA /* MainViewController.swift */,
				36CA590B1B691C810026C2AA /* Main.storyboard */,
				36CA590E1B691C810026C2AA /* Images.xcassets */,
				36CA59101B691C810026C2AA /* LaunchScreen.xib */,
				36CA59061B691C810026C2AA /* TestAMSlideMenu.xcdatamodeld */,
				36CA59021B691C810026C2AA /* Supporting Files */,
			);
			path = TestAMSlideMenu;
			sourceTree = "<group>";
		};
		36CA59021B691C810026C2AA /* Supporting Files */ = {
			isa = PBXGroup;
			children = (
				3689A9E51B6999D700D1A5FD /* hamburger.png */,
				3689A9E61B6999D700D1A5FD /* hamburger@2x.png */,
				36CA59031B691C810026C2AA /* Info.plist */,
			);
			name = "Supporting Files";
			sourceTree = "<group>";
		};
		36CA591A1B691C810026C2AA /* TestAMSlideMenuTests */ = {
			isa = PBXGroup;
			children = (
				36CA591D1B691C810026C2AA /* TestAMSlideMenuTests.swift */,
				36CA591B1B691C810026C2AA /* Supporting Files */,
			);
			path = TestAMSlideMenuTests;
			sourceTree = "<group>";
		};
		36CA591B1B691C810026C2AA /* Supporting Files */ = {
			isa = PBXGroup;
			children = (
				36CA591C1B691C810026C2AA /* Info.plist */,
			);
			name = "Supporting Files";
			sourceTree = "<group>";
		};
		B2A11F1233DB2C5F71CF43DA /* Pods */ = {
			isa = PBXGroup;
			children = (
				4C85C8414CD94424B3257FCC /* Pods-TestAMSlideMenu.debug.xcconfig */,
				202E266C3F0D87AD0B7BC1A7 /* Pods-TestAMSlideMenu.release.xcconfig */,
			);
			name = Pods;
			sourceTree = "<group>";
		};
		BEA49915817C4C67736B4461 /* Frameworks */ = {
			isa = PBXGroup;
			children = (
				35A525C55E73D92F02DE39EE /* Pods_TestAMSlideMenu.framework */,
			);
			name = Frameworks;
			sourceTree = "<group>";
		};
/* End PBXGroup section */

/* Begin PBXNativeTarget section */
		36CA58FE1B691C810026C2AA /* TestAMSlideMenu */ = {
			isa = PBXNativeTarget;
			buildConfigurationList = 36CA59211B691C810026C2AA /* Build configuration list for PBXNativeTarget "TestAMSlideMenu" */;
			buildPhases = (
				B2CA2F1B6F910555E380C24D /* Check Pods Manifest.lock */,
				36CA58FB1B691C810026C2AA /* Sources */,
				36CA58FC1B691C810026C2AA /* Frameworks */,
				36CA58FD1B691C810026C2AA /* Resources */,
				47D25321B246F56D3CE17B33 /* Embed Pods Frameworks */,
				4B8B7A43FA6DEB30C6C31AD7 /* Copy Pods Resources */,
			);
			buildRules = (
			);
			dependencies = (
			);
			name = TestAMSlideMenu;
			productName = TestAMSlideMenu;
			productReference = 36CA58FF1B691C810026C2AA /* TestAMSlideMenu.app */;
			productType = "com.apple.product-type.application";
		};
		36CA59161B691C810026C2AA /* TestAMSlideMenuTests */ = {
			isa = PBXNativeTarget;
			buildConfigurationList = 36CA59241B691C810026C2AA /* Build configuration list for PBXNativeTarget "TestAMSlideMenuTests" */;
			buildPhases = (
				36CA59131B691C810026C2AA /* Sources */,
				36CA59141B691C810026C2AA /* Frameworks */,
				36CA59151B691C810026C2AA /* Resources */,
			);
			buildRules = (
			);
			dependencies = (
				36CA59191B691C810026C2AA /* PBXTargetDependency */,
			);
			name = TestAMSlideMenuTests;
			productName = TestAMSlideMenuTests;
			productReference = 36CA59171B691C810026C2AA /* TestAMSlideMenuTests.xctest */;
			productType = "com.apple.product-type.bundle.unit-test";
		};
/* End PBXNativeTarget section */

/* Begin PBXProject section */
		36CA58F71B691C810026C2AA /* Project object */ = {
			isa = PBXProject;
			attributes = {
				LastUpgradeCheck = 0640;
				ORGANIZATIONNAME = iColaSoft;
				TargetAttributes = {
					36CA58FE1B691C810026C2AA = {
						CreatedOnToolsVersion = 6.4;
					};
					36CA59161B691C810026C2AA = {
						CreatedOnToolsVersion = 6.4;
						TestTargetID = 36CA58FE1B691C810026C2AA;
					};
				};
			};
			buildConfigurationList = 36CA58FA1B691C810026C2AA /* Build configuration list for PBXProject "TestAMSlideMenu" */;
			compatibilityVersion = "Xcode 3.2";
			developmentRegion = English;
			hasScannedForEncodings = 0;
			knownRegions = (
				en,
				Base,
			);
			mainGroup = 36CA58F61B691C810026C2AA;
			productRefGroup = 36CA59001B691C810026C2AA /* Products */;
			projectDirPath = "";
			projectRoot = "";
			targets = (
				36CA58FE1B691C810026C2AA /* TestAMSlideMenu */,
				36CA59161B691C810026C2AA /* TestAMSlideMenuTests */,
			);
		};
/* End PBXProject section */

/* Begin PBXResourcesBuildPhase section */
		36CA58FD1B691C810026C2AA /* Resources */ = {
			isa = PBXResourcesBuildPhase;
			buildActionMask = 2147483647;
			files = (
				36CA590D1B691C810026C2AA /* Main.storyboard in Resources */,
				3689A9E81B6999D700D1A5FD /* hamburger@2x.png in Resources */,
				3689A9E71B6999D700D1A5FD /* hamburger.png in Resources */,
				36CA59121B691C810026C2AA /* LaunchScreen.xib in Resources */,
				36CA590F1B691C810026C2AA /* Images.xcassets in Resources */,
			);
			runOnlyForDeploymentPostprocessing = 0;
		};
		36CA59151B691C810026C2AA /* Resources */ = {
			isa = PBXResourcesBuildPhase;
			buildActionMask = 2147483647;
			files = (
			);
			runOnlyForDeploymentPostprocessing = 0;
		};
/* End PBXResourcesBuildPhase section */

/* Begin PBXShellScriptBuildPhase section */
		47D25321B246F56D3CE17B33 /* Embed Pods Frameworks */ = {
			isa = PBXShellScriptBuildPhase;
			buildActionMask = 2147483647;
			files = (
			);
			inputPaths = (
			);
			name = "Embed Pods Frameworks";
			outputPaths = (
			);
			runOnlyForDeploymentPostprocessing = 0;
			shellPath = /bin/sh;
			shellScript = "\"${SRCROOT}/Pods/Target Support Files/Pods-TestAMSlideMenu/Pods-TestAMSlideMenu-frameworks.sh\"\n";
			showEnvVarsInLog = 0;
		};
		4B8B7A43FA6DEB30C6C31AD7 /* Copy Pods Resources */ = {
			isa = PBXShellScriptBuildPhase;
			buildActionMask = 2147483647;
			files = (
			);
			inputPaths = (
			);
			name = "Copy Pods Resources";
			outputPaths = (
			);
			runOnlyForDeploymentPostprocessing = 0;
			shellPath = /bin/sh;
			shellScript = "\"${SRCROOT}/Pods/Target Support Files/Pods-TestAMSlideMenu/Pods-TestAMSlideMenu-resources.sh\"\n";
			showEnvVarsInLog = 0;
		};
		B2CA2F1B6F910555E380C24D /* Check Pods Manifest.lock */ = {
			isa = PBXShellScriptBuildPhase;
			buildActionMask = 2147483647;
			files = (
			);
			inputPaths = (
			);
			name = "Check Pods Manifest.lock";
			outputPaths = (
			);
			runOnlyForDeploymentPostprocessing = 0;
			shellPath = /bin/sh;
			shellScript = "diff \"${PODS_ROOT}/../Podfile.lock\" \"${PODS_ROOT}/Manifest.lock\" > /dev/null\nif [[ $? != 0 ]] ; then\n    cat << EOM\nerror: The sandbox is not in sync with the Podfile.lock. Run 'pod install' or update your CocoaPods installation.\nEOM\n    exit 1\nfi\n";
			showEnvVarsInLog = 0;
		};
/* End PBXShellScriptBuildPhase section */

/* Begin PBXSourcesBuildPhase section */
		36CA58FB1B691C810026C2AA /* Sources */ = {
			isa = PBXSourcesBuildPhase;
			buildActionMask = 2147483647;
			files = (
				36CA590A1B691C810026C2AA /* MainViewController.swift in Sources */,
				36CA59081B691C810026C2AA /* TestAMSlideMenu.xcdatamodeld in Sources */,
				36CA59051B691C810026C2AA /* AppDelegate.swift in Sources */,
			);
			runOnlyForDeploymentPostprocessing = 0;
		};
		36CA59131B691C810026C2AA /* Sources */ = {
			isa = PBXSourcesBuildPhase;
			buildActionMask = 2147483647;
			files = (
				36CA591E1B691C810026C2AA /* TestAMSlideMenuTests.swift in Sources */,
			);
			runOnlyForDeploymentPostprocessing = 0;
		};
/* End PBXSourcesBuildPhase section */

/* Begin PBXTargetDependency section */
		36CA59191B691C810026C2AA /* PBXTargetDependency */ = {
			isa = PBXTargetDependency;
			target = 36CA58FE1B691C810026C2AA /* TestAMSlideMenu */;
			targetProxy = 36CA59181B691C810026C2AA /* PBXContainerItemProxy */;
		};
/* End PBXTargetDependency section */

/* Begin PBXVariantGroup section */
		36CA590B1B691C810026C2AA /* Main.storyboard */ = {
			isa = PBXVariantGroup;
			children = (
				36CA590C1B691C810026C2AA /* Base */,
			);
			name = Main.storyboard;
			sourceTree = "<group>";
		};
		36CA59101B691C810026C2AA /* LaunchScreen.xib */ = {
			isa = PBXVariantGroup;
			children = (
				36CA59111B691C810026C2AA /* Base */,
			);
			name = LaunchScreen.xib;
			sourceTree = "<group>";
		};
/* End PBXVariantGroup section */

/* Begin XCBuildConfiguration section */
		36CA591F1B691C810026C2AA /* Debug */ = {
			isa = XCBuildConfiguration;
			buildSettings = {
				ALWAYS_SEARCH_USER_PATHS = NO;
				CLANG_CXX_LANGUAGE_STANDARD = "gnu++0x";
				CLANG_CXX_LIBRARY = "libc++";
				CLANG_ENABLE_MODULES = YES;
				CLANG_ENABLE_OBJC_ARC = YES;
				CLANG_WARN_BOOL_CONVERSION = YES;
				CLANG_WARN_CONSTANT_CONVERSION = YES;
				CLANG_WARN_DIRECT_OBJC_ISA_USAGE = YES_ERROR;
				CLANG_WARN_EMPTY_BODY = YES;
				CLANG_WARN_ENUM_CONVERSION = YES;
				CLANG_WARN_INT_CONVERSION = YES;
				CLANG_WARN_OBJC_ROOT_CLASS = YES_ERROR;
				CLANG_WARN_UNREACHABLE_CODE = YES;
				CLANG_WARN__DUPLICATE_METHOD_MATCH = YES;
				"CODE_SIGN_IDENTITY[sdk=iphoneos*]" = "iPhone Developer";
				COPY_PHASE_STRIP = NO;
				DEBUG_INFORMATION_FORMAT = "dwarf-with-dsym";
				ENABLE_STRICT_OBJC_MSGSEND = YES;
				GCC_C_LANGUAGE_STANDARD = gnu99;
				GCC_DYNAMIC_NO_PIC = NO;
				GCC_NO_COMMON_BLOCKS = YES;
				GCC_OPTIMIZATION_LEVEL = 0;
				GCC_PREPROCESSOR_DEFINITIONS = (
					"DEBUG=1",
					"$(inherited)",
				);
				GCC_SYMBOLS_PRIVATE_EXTERN = NO;
				GCC_WARN_64_TO_32_BIT_CONVERSION = YES;
				GCC_WARN_ABOUT_RETURN_TYPE = YES_ERROR;
				GCC_WARN_UNDECLARED_SELECTOR = YES;
				GCC_WARN_UNINITIALIZED_AUTOS = YES_AGGRESSIVE;
				GCC_WARN_UNUSED_FUNCTION = YES;
				GCC_WARN_UNUSED_VARIABLE = YES;
				IPHONEOS_DEPLOYMENT_TARGET = 8.4;
				MTL_ENABLE_DEBUG_INFO = YES;
				ONLY_ACTIVE_ARCH = YES;
				SDKROOT = iphoneos;
				SWIFT_OPTIMIZATION_LEVEL = "-Onone";
			};
			name = Debug;
		};
		36CA59201B691C810026C2AA /* Release */ = {
			isa = XCBuildConfiguration;
			buildSettings = {
				ALWAYS_SEARCH_USER_PATHS = NO;
				CLANG_CXX_LANGUAGE_STANDARD = "gnu++0x";
				CLANG_CXX_LIBRARY = "libc++";
				CLANG_ENABLE_MODULES = YES;
				CLANG_ENABLE_OBJC_ARC = YES;
				CLANG_WARN_BOOL_CONVERSION = YES;
				CLANG_WARN_CONSTANT_CONVERSION = YES;
				CLANG_WARN_DIRECT_OBJC_ISA_USAGE = YES_ERROR;
				CLANG_WARN_EMPTY_BODY = YES;
				CLANG_WARN_ENUM_CONVERSION = YES;
				CLANG_WARN_INT_CONVERSION = YES;
				CLANG_WARN_OBJC_ROOT_CLASS = YES_ERROR;
				CLANG_WARN_UNREACHABLE_CODE = YES;
				CLANG_WARN__DUPLICATE_METHOD_MATCH = YES;
				"CODE_SIGN_IDENTITY[sdk=iphoneos*]" = "iPhone Developer";
				COPY_PHASE_STRIP = NO;
				DEBUG_INFORMATION_FORMAT = "dwarf-with-dsym";
				ENABLE_NS_ASSERTIONS = NO;
				ENABLE_STRICT_OBJC_MSGSEND = YES;
				GCC_C_LANGUAGE_STANDARD = gnu99;
				GCC_NO_COMMON_BLOCKS = YES;
				GCC_WARN_64_TO_32_BIT_CONVERSION = YES;
				GCC_WARN_ABOUT_RETURN_TYPE = YES_ERROR;
				GCC_WARN_UNDECLARED_SELECTOR = YES;
				GCC_WARN_UNINITIALIZED_AUTOS = YES_AGGRESSIVE;
				GCC_WARN_UNUSED_FUNCTION = YES;
				GCC_WARN_UNUSED_VARIABLE = YES;
				IPHONEOS_DEPLOYMENT_TARGET = 8.4;
				MTL_ENABLE_DEBUG_INFO = NO;
				SDKROOT = iphoneos;
				VALIDATE_PRODUCT = YES;
			};
			name = Release;
		};
		36CA59221B691C810026C2AA /* Debug */ = {
			isa = XCBuildConfiguration;
			baseConfigurationReference = 4C85C8414CD94424B3257FCC /* Pods-TestAMSlideMenu.debug.xcconfig */;
			buildSettings = {
				ASSETCATALOG_COMPILER_APPICON_NAME = AppIcon;
				INFOPLIST_FILE = TestAMSlideMenu/Info.plist;
				LD_RUNPATH_SEARCH_PATHS = "$(inherited) @executable_path/Frameworks";
				PRODUCT_NAME = "$(TARGET_NAME)";
			};
			name = Debug;
		};
		36CA59231B691C810026C2AA /* Release */ = {
			isa = XCBuildConfiguration;
			baseConfigurationReference = 202E266C3F0D87AD0B7BC1A7 /* Pods-TestAMSlideMenu.release.xcconfig */;
			buildSettings = {
				ASSETCATALOG_COMPILER_APPICON_NAME = AppIcon;
				INFOPLIST_FILE = TestAMSlideMenu/Info.plist;
				LD_RUNPATH_SEARCH_PATHS = "$(inherited) @executable_path/Frameworks";
				PRODUCT_NAME = "$(TARGET_NAME)";
			};
			name = Release;
		};
		36CA59251B691C810026C2AA /* Debug */ = {
			isa = XCBuildConfiguration;
			buildSettings = {
				BUNDLE_LOADER = "$(TEST_HOST)";
				FRAMEWORK_SEARCH_PATHS = (
					"$(SDKROOT)/Developer/Library/Frameworks",
					"$(inherited)",
				);
				GCC_PREPROCESSOR_DEFINITIONS = (
					"DEBUG=1",
					"$(inherited)",
				);
				INFOPLIST_FILE = TestAMSlideMenuTests/Info.plist;
				LD_RUNPATH_SEARCH_PATHS = "$(inherited) @executable_path/Frameworks @loader_path/Frameworks";
				PRODUCT_NAME = "$(TARGET_NAME)";
				TEST_HOST = "$(BUILT_PRODUCTS_DIR)/TestAMSlideMenu.app/TestAMSlideMenu";
			};
			name = Debug;
		};
		36CA59261B691C810026C2AA /* Release */ = {
			isa = XCBuildConfiguration;
			buildSettings = {
				BUNDLE_LOADER = "$(TEST_HOST)";
				FRAMEWORK_SEARCH_PATHS = (
					"$(SDKROOT)/Developer/Library/Frameworks",
					"$(inherited)",
				);
				INFOPLIST_FILE = TestAMSlideMenuTests/Info.plist;
				LD_RUNPATH_SEARCH_PATHS = "$(inherited) @executable_path/Frameworks @loader_path/Frameworks";
				PRODUCT_NAME = "$(TARGET_NAME)";
				TEST_HOST = "$(BUILT_PRODUCTS_DIR)/TestAMSlideMenu.app/TestAMSlideMenu";
			};
			name = Release;
		};
/* End XCBuildConfiguration section */

/* Begin XCConfigurationList section */
		36CA58FA1B691C810026C2AA /* Build configuration list for PBXProject "TestAMSlideMenu" */ = {
			isa = XCConfigurationList;
			buildConfigurations = (
				36CA591F1B691C810026C2AA /* Debug */,
				36CA59201B691C810026C2AA /* Release */,
			);
			defaultConfigurationIsVisible = 0;
			defaultConfigurationName = Release;
		};
		36CA59211B691C810026C2AA /* Build configuration list for PBXNativeTarget "TestAMSlideMenu" */ = {
			isa = XCConfigurationList;
			buildConfigurations = (
				36CA59221B691C810026C2AA /* Debug */,
				36CA59231B691C810026C2AA /* Release */,
			);
			defaultConfigurationIsVisible = 0;
			defaultConfigurationName = Release;
		};
		36CA59241B691C810026C2AA /* Build configuration list for PBXNativeTarget "TestAMSlideMenuTests" */ = {
			isa = XCConfigurationList;
			buildConfigurations = (
				36CA59251B691C810026C2AA /* Debug */,
				36CA59261B691C810026C2AA /* Release */,
			);
			defaultConfigurationIsVisible = 0;
			defaultConfigurationName = Release;
		};
/* End XCConfigurationList section */

/* Begin XCVersionGroup section */
		36CA59061B691C810026C2AA /* TestAMSlideMenu.xcdatamodeld */ = {
			isa = XCVersionGroup;
			children = (
				36CA59071B691C810026C2AA /* TestAMSlideMenu.xcdatamodel */,
			);
			currentVersion = 36CA59071B691C810026C2AA /* TestAMSlideMenu.xcdatamodel */;
			path = TestAMSlideMenu.xcdatamodeld;
			sourceTree = "<group>";
			versionGroupType = wrapper.xcdatamodel;
		};
/* End XCVersionGroup section */
	};
	rootObject = 36CA58F71B691C810026C2AA /* Project object */;
}
